
Microsoft Visual Studio Solution File, Format Version 12.00
# Visual Studio Version 16
VisualStudioVersion = 16.0.31702.278
MinimumVisualStudioVersion = 10.0.40219.1
Project("{FAE04EC0-301F-11D3-BF4B-00C04F79EFBC}") = "TareaMVVM.Android", "TareaMVVM\TareaMVVM.Android\TareaMVVM.Android.csproj", "{6B78D76C-7CFE-4B8E-B03D-2531E37EF307}"
EndProject
Project("{FAE04EC0-301F-11D3-BF4B-00C04F79EFBC}") = "TareaMVVM", "TareaMVVM\TareaMVVM\TareaMVVM.csproj", "{3793EAAA-3233-45E7-8FF0-3CBAA4F61C60}"
EndProject
Global
	GlobalSection(SolutionConfigurationPlatforms) = preSolution
		Debug|Any CPU = Debug|Any CPU
		Release|Any CPU = Release|Any CPU
	EndGlobalSection
	GlobalSection(ProjectConfigurationPlatforms) = postSolution
		{6B78D76C-7CFE-4B8E-B03D-2531E37EF307}.Debug|Any CPU.ActiveCfg = Debug|Any CPU
		{6B78D76C-7CFE-4B8E-B03D-2531E37EF307}.Debug|Any CPU.Build.0 = Debug|Any CPU
		{6B78D76C-7CFE-4B8E-B03D-2531E37EF307}.Debug|Any CPU.Deploy.0 = Debug|Any CPU
		{6B78D76C-7CFE-4B8E-B03D-2531E37EF307}.Release|Any CPU.ActiveCfg = Release|Any CPU
		{6B78D76C-7CFE-4B8E-B03D-2531E37EF307}.Release|Any CPU.Build.0 = Release|Any CPU
		{6B78D76C-7CFE-4B8E-B03D-2531E37EF307}.Release|Any CPU.Deploy.0 = Release|Any CPU
		{3793EAAA-3233-45E7-8FF0-3CBAA4F61C60}.Debug|Any CPU.ActiveCfg = Debug|Any CPU
		{3793EAAA-3233-45E7-8FF0-3CBAA4F61C60}.Debug|Any CPU.Build.0 = Debug|Any CPU
		{3793EAAA-3233-45E7-8FF0-3CBAA4F61C60}.Debug|Any CPU.Deploy.0 = Debug|Any CPU
		{3793EAAA-3233-45E7-8FF0-3CBAA4F61C60}.Release|Any CPU.ActiveCfg = Release|Any CPU
		{3793EAAA-3233-45E7-8FF0-3CBAA4F61C60}.Release|Any CPU.Build.0 = Release|Any CPU
		{3793EAAA-3233-45E7-8FF0-3CBAA4F61C60}.Release|Any CPU.Deploy.0 = Release|Any CPU
	EndGlobalSection
	GlobalSection(SolutionProperties) = preSolution
		HideSolutionNode = FALSE
	EndGlobalSection
	GlobalSection(ExtensibilityGlobals) = postSolution
		SolutionGuid = {C8E819D3-FE95-4AC1-83CD-C7F728690ABF}
	EndGlobalSection
EndGlobal
